
Microsoft Visual Studio Solution File, Format Version 12.00
# Visual Studio Version 17
VisualStudioVersion = 17.9.34728.123
MinimumVisualStudioVersion = 10.0.40219.1
Project("{9A19103F-16F7-4668-BE54-9A1E7A4F7556}") = "Diary_Server", "Diary_Server.csproj", "{F7D88D25-51FF-4F96-B14E-B1B7C76AA042}"
EndProject
Global
	GlobalSection(SolutionConfigurationPlatforms) = preSolution
		Debug|Any CPU = Debug|Any CPU
		Release|Any CPU = Release|Any CPU
	EndGlobalSection
	GlobalSection(ProjectConfigurationPlatforms) = postSolution
		{F7D88D25-51FF-4F96-B14E-B1B7C76AA042}.Debug|Any CPU.ActiveCfg = Debug|Any CPU
		{F7D88D25-51FF-4F96-B14E-B1B7C76AA042}.Debug|Any CPU.Build.0 = Debug|Any CPU
		{F7D88D25-51FF-4F96-B14E-B1B7C76AA042}.Release|Any CPU.ActiveCfg = Release|Any CPU
		{F7D88D25-51FF-4F96-B14E-B1B7C76AA042}.Release|Any CPU.Build.0 = Release|Any CPU
	EndGlobalSection
	GlobalSection(SolutionProperties) = preSolution
		HideSolutionNode = FALSE
	EndGlobalSection
	GlobalSection(ExtensibilityGlobals) = postSolution
		SolutionGuid = {E041C6B7-19D1-4486-87CB-2703A9BCB848}
	EndGlobalSection
EndGlobal
